
Microsoft Visual Studio Solution File, Format Version 12.00
# Visual Studio 2013
VisualStudioVersion = 12.0.30723.0
MinimumVisualStudioVersion = 10.0.40219.1
Project("{FAE04EC0-301F-11D3-BF4B-00C04F79EFBC}") = "GStore", "GStore\GStore.csproj", "{FB3B7EC5-87AF-4CFF-BD20-B42AA5581FBA}"
EndProject
Project("{2150E333-8FDC-42A3-9474-1A3956D46DE8}") = "UserStories", "UserStories", "{D8655674-95BC-438D-BA2B-7D452112099D}"
EndProject
Project("{E24C65DC-7377-472B-9ABA-BC803B73C61A}") = "Docs", "http://localhost:64113", "{285EDBE6-9D8F-468F-9D6A-BEF1F195D2E6}"
	ProjectSection(WebsiteProperties) = preProject
		UseIISExpress = "true"
		TargetFrameworkMoniker = ".NETFramework,Version%3Dv4.5"
		Debug.AspNetCompiler.VirtualPath = "/localhost_64113"
		Debug.AspNetCompiler.PhysicalPath = "Docs\"
		Debug.AspNetCompiler.TargetPath = "PrecompiledWeb\localhost_64113\"
		Debug.AspNetCompiler.Updateable = "true"
		Debug.AspNetCompiler.ForceOverwrite = "true"
		Debug.AspNetCompiler.FixedNames = "false"
		Debug.AspNetCompiler.Debug = "True"
		Release.AspNetCompiler.VirtualPath = "/localhost_64113"
		Release.AspNetCompiler.PhysicalPath = "Docs\"
		Release.AspNetCompiler.TargetPath = "PrecompiledWeb\localhost_64113\"
		Release.AspNetCompiler.Updateable = "true"
		Release.AspNetCompiler.ForceOverwrite = "true"
		Release.AspNetCompiler.FixedNames = "false"
		Release.AspNetCompiler.Debug = "False"
		SlnRelativePath = "Docs\"
		DefaultWebSiteLanguage = "Visual C#"
		StartServerOnDebug = "false"
	EndProjectSection
EndProject
Global
	GlobalSection(SolutionConfigurationPlatforms) = preSolution
		Debug|Any CPU = Debug|Any CPU
		Release|Any CPU = Release|Any CPU
	EndGlobalSection
	GlobalSection(ProjectConfigurationPlatforms) = postSolution
		{FB3B7EC5-87AF-4CFF-BD20-B42AA5581FBA}.Debug|Any CPU.ActiveCfg = Debug|Any CPU
		{FB3B7EC5-87AF-4CFF-BD20-B42AA5581FBA}.Debug|Any CPU.Build.0 = Debug|Any CPU
		{FB3B7EC5-87AF-4CFF-BD20-B42AA5581FBA}.Release|Any CPU.ActiveCfg = Release|Any CPU
		{FB3B7EC5-87AF-4CFF-BD20-B42AA5581FBA}.Release|Any CPU.Build.0 = Release|Any CPU
		{285EDBE6-9D8F-468F-9D6A-BEF1F195D2E6}.Debug|Any CPU.ActiveCfg = Debug|Any CPU
		{285EDBE6-9D8F-468F-9D6A-BEF1F195D2E6}.Release|Any CPU.ActiveCfg = Debug|Any CPU
		{285EDBE6-9D8F-468F-9D6A-BEF1F195D2E6}.Release|Any CPU.Build.0 = Debug|Any CPU
	EndGlobalSection
	GlobalSection(SolutionProperties) = preSolution
		HideSolutionNode = FALSE
	EndGlobalSection
	GlobalSection(NestedProjects) = preSolution
		{285EDBE6-9D8F-468F-9D6A-BEF1F195D2E6} = {D8655674-95BC-438D-BA2B-7D452112099D}
	EndGlobalSection
EndGlobal
